
Microsoft Visual Studio Solution File, Format Version 12.00
# Visual Studio 2013
VisualStudioVersion = 12.0.21005.1
MinimumVisualStudioVersion = 10.0.40219.1
Project("{FAE04EC0-301F-11D3-BF4B-00C04F79EFBC}") = "CalculateSurface", "CalculateSurface\CalculateSurface.csproj", "{967102B1-8CF9-4345-89F2-0A08A4740D9F}"
EndProject
Project("{FAE04EC0-301F-11D3-BF4B-00C04F79EFBC}") = "BankAccounts", "BankAccount\BankAccounts.csproj", "{CDED46BE-0BE0-453C-AA6E-9848421B5680}"
EndProject
Project("{FAE04EC0-301F-11D3-BF4B-00C04F79EFBC}") = "RangeException", "RangeException\RangeException.csproj", "{4E80A6C2-359F-4795-BCBA-C7A97D694576}"
EndProject
Global
	GlobalSection(SolutionConfigurationPlatforms) = preSolution
		Debug|Any CPU = Debug|Any CPU
		Release|Any CPU = Release|Any CPU
	EndGlobalSection
	GlobalSection(ProjectConfigurationPlatforms) = postSolution
		{967102B1-8CF9-4345-89F2-0A08A4740D9F}.Debug|Any CPU.ActiveCfg = Debug|Any CPU
		{967102B1-8CF9-4345-89F2-0A08A4740D9F}.Debug|Any CPU.Build.0 = Debug|Any CPU
		{967102B1-8CF9-4345-89F2-0A08A4740D9F}.Release|Any CPU.ActiveCfg = Release|Any CPU
		{967102B1-8CF9-4345-89F2-0A08A4740D9F}.Release|Any CPU.Build.0 = Release|Any CPU
		{CDED46BE-0BE0-453C-AA6E-9848421B5680}.Debug|Any CPU.ActiveCfg = Debug|Any CPU
		{CDED46BE-0BE0-453C-AA6E-9848421B5680}.Debug|Any CPU.Build.0 = Debug|Any CPU
		{CDED46BE-0BE0-453C-AA6E-9848421B5680}.Release|Any CPU.ActiveCfg = Release|Any CPU
		{CDED46BE-0BE0-453C-AA6E-9848421B5680}.Release|Any CPU.Build.0 = Release|Any CPU
		{4E80A6C2-359F-4795-BCBA-C7A97D694576}.Debug|Any CPU.ActiveCfg = Debug|Any CPU
		{4E80A6C2-359F-4795-BCBA-C7A97D694576}.Debug|Any CPU.Build.0 = Debug|Any CPU
		{4E80A6C2-359F-4795-BCBA-C7A97D694576}.Release|Any CPU.ActiveCfg = Release|Any CPU
		{4E80A6C2-359F-4795-BCBA-C7A97D694576}.Release|Any CPU.Build.0 = Release|Any CPU
	EndGlobalSection
	GlobalSection(SolutionProperties) = preSolution
		HideSolutionNode = FALSE
	EndGlobalSection
EndGlobal
